// !$*UTF8*$!
{
	archiveVersion = 1;
	classes = {
	};
	objectVersion = 50;
	objects = {

/* Begin PBXBuildFile section */
		58DF5286217D652600AF0160 /* AppDelegate.swift in Sources */ = {isa = PBXBuildFile; fileRef = 58DF5285217D652600AF0160 /* AppDelegate.swift */; };
		58DF5288217D652600AF0160 /* ViewController.swift in Sources */ = {isa = PBXBuildFile; fileRef = 58DF5287217D652600AF0160 /* ViewController.swift */; };
		58DF528B217D652600AF0160 /* Main.storyboard in Resources */ = {isa = PBXBuildFile; fileRef = 58DF5289217D652600AF0160 /* Main.storyboard */; };
		58DF528D217D652700AF0160 /* Assets.xcassets in Resources */ = {isa = PBXBuildFile; fileRef = 58DF528C217D652700AF0160 /* Assets.xcassets */; };
		58DF5290217D652700AF0160 /* LaunchScreen.storyboard in Resources */ = {isa = PBXBuildFile; fileRef = 58DF528E217D652700AF0160 /* LaunchScreen.storyboard */; };
		58DF5299217D656400AF0160 /* CustomButton.swift in Sources */ = {isa = PBXBuildFile; fileRef = 58DF5297217D656400AF0160 /* CustomButton.swift */; };
		58DF529A217D656400AF0160 /* Checkbox.swift in Sources */ = {isa = PBXBuildFile; fileRef = 58DF5298217D656400AF0160 /* Checkbox.swift */; };
		58DF529C217D658500AF0160 /* README.md in Resources */ = {isa = PBXBuildFile; fileRef = 58DF529B217D658500AF0160 /* README.md */; };
/* End PBXBuildFile section */

/* Begin PBXFileReference section */
		58DF5282217D652600AF0160 /* iCoronaryPredictor.app */ = {isa = PBXFileReference; explicitFileType = wrapper.application; includeInIndex = 0; path = iCoronaryPredictor.app; sourceTree = BUILT_PRODUCTS_DIR; };
		58DF5285217D652600AF0160 /* AppDelegate.swift */ = {isa = PBXFileReference; lastKnownFileType = sourcecode.swift; path = AppDelegate.swift; sourceTree = "<group>"; };
		58DF5287217D652600AF0160 /* ViewController.swift */ = {isa = PBXFileReference; lastKnownFileType = sourcecode.swift; path = ViewController.swift; sourceTree = "<group>"; };
		58DF528A217D652600AF0160 /* Base */ = {isa = PBXFileReference; lastKnownFileType = file.storyboard; name = Base; path = Base.lproj/Main.storyboard; sourceTree = "<group>"; };
		58DF528C217D652700AF0160 /* Assets.xcassets */ = {isa = PBXFileReference; lastKnownFileType = folder.assetcatalog; path = Assets.xcassets; sourceTree = "<group>"; };
		58DF528F217D652700AF0160 /* Base */ = {isa = PBXFileReference; lastKnownFileType = file.storyboard; name = Base; path = Base.lproj/LaunchScreen.storyboard; sourceTree = "<group>"; };
		58DF5291217D652700AF0160 /* Info.plist */ = {isa = PBXFileReference; lastKnownFileType = text.plist.xml; path = Info.plist; sourceTree = "<group>"; };
		58DF5297217D656400AF0160 /* CustomButton.swift */ = {isa = PBXFileReference; fileEncoding = 4; lastKnownFileType = sourcecode.swift; path = CustomButton.swift; sourceTree = "<group>"; };
		58DF5298217D656400AF0160 /* Checkbox.swift */ = {isa = PBXFileReference; fileEncoding = 4; lastKnownFileType = sourcecode.swift; path = Checkbox.swift; sourceTree = "<group>"; };
		58DF529B217D658500AF0160 /* README.md */ = {isa = PBXFileReference; fileEncoding = 4; lastKnownFileType = net.daringfireball.markdown; path = README.md; sourceTree = "<group>"; };
/* End PBXFileReference section */

/* Begin PBXFrameworksBuildPhase section */
		58DF527F217D652600AF0160 /* Frameworks */ = {
			isa = PBXFrameworksBuildPhase;
			buildActionMask = 2147483647;
			files = (
			);
			runOnlyForDeploymentPostprocessing = 0;
		};
/* End PBXFrameworksBuildPhase section */

/* Begin PBXGroup section */
		58DF5279217D652500AF0160 = {
			isa = PBXGroup;
			children = (
				58DF529B217D658500AF0160 /* README.md */,
				58DF5284217D652600AF0160 /* iCoronaryPredictor */,
				58DF5283217D652600AF0160 /* Products */,
			);
			sourceTree = "<group>";
		};
		58DF5283217D652600AF0160 /* Products */ = {
			isa = PBXGroup;
			children = (
				58DF5282217D652600AF0160 /* iCoronaryPredictor.app */,
			);
			name = Products;
			sourceTree = "<group>";
		};
		58DF5284217D652600AF0160 /* iCoronaryPredictor */ = {
			isa = PBXGroup;
			children = (
				58DF5285217D652600AF0160 /* AppDelegate.swift */,
				58DF5287217D652600AF0160 /* ViewController.swift */,
				58DF5289217D652600AF0160 /* Main.storyboard */,
				58DF5298217D656400AF0160 /* Checkbox.swift */,
				58DF5297217D656400AF0160 /* CustomButton.swift */,
				58DF528C217D652700AF0160 /* Assets.xcassets */,
				58DF528E217D652700AF0160 /* LaunchScreen.storyboard */,
				58DF5291217D652700AF0160 /* Info.plist */,
			);
			path = iCoronaryPredictor;
			sourceTree = "<group>";
		};
/* End PBXGroup section */

/* Begin PBXNativeTarget section */
		58DF5281217D652600AF0160 /* iCoronaryPredictor */ = {
			isa = PBXNativeTarget;
			buildConfigurationList = 58DF5294217D652700AF0160 /* Build configuration list for PBXNativeTarget "iCoronaryPredictor" */;
			buildPhases = (
				58DF527E217D652600AF0160 /* Sources */,
				58DF527F217D652600AF0160 /* Frameworks */,
				58DF5280217D652600AF0160 /* Resources */,
			);
			buildRules = (
			);
			dependencies = (
			);
			name = iCoronaryPredictor;
			productName = iCoronaryPredictor;
			productReference = 58DF5282217D652600AF0160 /* iCoronaryPredictor.app */;
			productType = "com.apple.product-type.application";
		};
/* End PBXNativeTarget section */

/* Begin PBXProject section */
		58DF527A217D652600AF0160 /* Project object */ = {
			isa = PBXProject;
			attributes = {
				LastSwiftUpdateCheck = 1000;
				LastUpgradeCheck = 1000;
				ORGANIZATIONNAME = gikoha;
				TargetAttributes = {
					58DF5281217D652600AF0160 = {
						CreatedOnToolsVersion = 10.0;
					};
				};
			};
			buildConfigurationList = 58DF527D217D652600AF0160 /* Build configuration list for PBXProject "iCoronaryPredictor" */;
			compatibilityVersion = "Xcode 9.3";
			developmentRegion = en;
			hasScannedForEncodings = 0;
			knownRegions = (
				en,
				Base,
			);
			mainGroup = 58DF5279217D652500AF0160;
			productRefGroup = 58DF5283217D652600AF0160 /* Products */;
			projectDirPath = "";
			projectRoot = "";
			targets = (
				58DF5281217D652600AF0160 /* iCoronaryPredictor */,
			);
		};
/* End PBXProject section */

/* Begin PBXResourcesBuildPhase section */
		58DF5280217D652600AF0160 /* Resources */ = {
			isa = PBXResourcesBuildPhase;
			buildActionMask = 2147483647;
			files = (
				58DF5290217D652700AF0160 /* LaunchScreen.storyboard in Resources */,
				58DF528D217D652700AF0160 /* Assets.xcassets in Resources */,
				58DF529C217D658500AF0160 /* README.md in Resources */,
				58DF528B217D652600AF0160 /* Main.storyboard in Resources */,
			);
			runOnlyForDeploymentPostprocessing = 0;
		};
/* End PBXResourcesBuildPhase section */

/* Begin PBXSourcesBuildPhase section */
		58DF527E217D652600AF0160 /* Sources */ = {
			isa = PBXSourcesBuildPhase;
			buildActionMask = 2147483647;
			files = (
				58DF529A217D656400AF0160 /* Checkbox.swift in Sources */,
				58DF5288217D652600AF0160 /* ViewController.swift in Sources */,
				58DF5286217D652600AF0160 /* AppDelegate.swift in Sources */,
				58DF5299217D656400AF0160 /* CustomButton.swift in Sources */,
			);
			runOnlyForDeploymentPostprocessing = 0;
		};
/* End PBXSourcesBuildPhase section */

/* Begin PBXVariantGroup section */
		58DF5289217D652600AF0160 /* Main.storyboard */ = {
			isa = PBXVariantGroup;
			children = (
				58DF528A217D652600AF0160 /* Base */,
			);
			name = Main.storyboard;
			sourceTree = "<group>";
		};
		58DF528E217D652700AF0160 /* LaunchScreen.storyboard */ = {
			isa = PBXVariantGroup;
			children = (
				58DF528F217D652700AF0160 /* Base */,
			);
			name = LaunchScreen.storyboard;
			sourceTree = "<group>";
		};
/* End PBXVariantGroup section */

/* Begin XCBuildConfiguration section */
		58DF5292217D652700AF0160 /* Debug */ = {
			isa = XCBuildConfiguration;
			buildSettings = {
				ALWAYS_SEARCH_USER_PATHS = NO;
				CLANG_ANALYZER_NONNULL = YES;
				CLANG_ANALYZER_NUMBER_OBJECT_CONVERSION = YES_AGGRESSIVE;
				CLANG_CXX_LANGUAGE_STANDARD = "gnu++14";
				CLANG_CXX_LIBRARY = "libc++";
				CLANG_ENABLE_MODULES = YES;
				CLANG_ENABLE_OBJC_ARC = YES;
				CLANG_ENABLE_OBJC_WEAK = YES;
				CLANG_WARN_BLOCK_CAPTURE_AUTORELEASING = YES;
				CLANG_WARN_BOOL_CONVERSION = YES;
				CLANG_WARN_COMMA = YES;
				CLANG_WARN_CONSTANT_CONVERSION = YES;
				CLANG_WARN_DEPRECATED_OBJC_IMPLEMENTATIONS = YES;
				CLANG_WARN_DIRECT_OBJC_ISA_USAGE = YES_ERROR;
				CLANG_WARN_DOCUMENTATION_COMMENTS = YES;
				CLANG_WARN_EMPTY_BODY = YES;
				CLANG_WARN_ENUM_CONVERSION = YES;
				CLANG_WARN_INFINITE_RECURSION = YES;
				CLANG_WARN_INT_CONVERSION = YES;
				CLANG_WARN_NON_LITERAL_NULL_CONVERSION = YES;
				CLANG_WARN_OBJC_IMPLICIT_RETAIN_SELF = YES;
				CLANG_WARN_OBJC_LITERAL_CONVERSION = YES;
				CLANG_WARN_OBJC_ROOT_CLASS = YES_ERROR;
				CLANG_WARN_RANGE_LOOP_ANALYSIS = YES;
				CLANG_WARN_STRICT_PROTOTYPES = YES;
				CLANG_WARN_SUSPICIOUS_MOVE = YES;
				CLANG_WARN_UNGUARDED_AVAILABILITY = YES_AGGRESSIVE;
				CLANG_WARN_UNREACHABLE_CODE = YES;
				CLANG_WARN__DUPLICATE_METHOD_MATCH = YES;
				CODE_SIGN_IDENTITY = "iPhone Developer";
				COPY_PHASE_STRIP = NO;
				DEBUG_INFORMATION_FORMAT = dwarf;
				ENABLE_STRICT_OBJC_MSGSEND = YES;
				ENABLE_TESTABILITY = YES;
				GCC_C_LANGUAGE_STANDARD = gnu11;
				GCC_DYNAMIC_NO_PIC = NO;
				GCC_NO_COMMON_BLOCKS = YES;
				GCC_OPTIMIZATION_LEVEL = 0;
				GCC_PREPROCESSOR_DEFINITIONS = (
					"DEBUG=1",
					"$(inherited)",
				);
				GCC_WARN_64_TO_32_BIT_CONVERSION = YES;
				GCC_WARN_ABOUT_RETURN_TYPE = YES_ERROR;
				GCC_WARN_UNDECLARED_SELECTOR = YES;
				GCC_WARN_UNINITIALIZED_AUTOS = YES_AGGRESSIVE;
				GCC_WARN_UNUSED_FUNCTION = YES;
				GCC_WARN_UNUSED_VARIABLE = YES;
				IPHONEOS_DEPLOYMENT_TARGET = 12.0;
				MTL_ENABLE_DEBUG_INFO = INCLUDE_SOURCE;
				MTL_FAST_MATH = YES;
				ONLY_ACTIVE_ARCH = YES;
				SDKROOT = iphoneos;
				SWIFT_ACTIVE_COMPILATION_CONDITIONS = DEBUG;
				SWIFT_OPTIMIZATION_LEVEL = "-Onone";
			};
			name = Debug;
		};
		58DF5293217D652700AF0160 /* Release */ = {
			isa = XCBuildConfiguration;
			buildSettings = {
				ALWAYS_SEARCH_USER_PATHS = NO;
				CLANG_ANALYZER_NONNULL = YES;
				CLANG_ANALYZER_NUMBER_OBJECT_CONVERSION = YES_AGGRESSIVE;
				CLANG_CXX_LANGUAGE_STANDARD = "gnu++14";
				CLANG_CXX_LIBRARY = "libc++";
				CLANG_ENABLE_MODULES = YES;
				CLANG_ENABLE_OBJC_ARC = YES;
				CLANG_ENABLE_OBJC_WEAK = YES;
				CLANG_WARN_BLOCK_CAPTURE_AUTORELEASING = YES;
				CLANG_WARN_BOOL_CONVERSION = YES;
				CLANG_WARN_COMMA = YES;
				CLANG_WARN_CONSTANT_CONVERSION = YES;
				CLANG_WARN_DEPRECATED_OBJC_IMPLEMENTATIONS = YES;
				CLANG_WARN_DIRECT_OBJC_ISA_USAGE = YES_ERROR;
				CLANG_WARN_DOCUMENTATION_COMMENTS = YES;
				CLANG_WARN_EMPTY_BODY = YES;
				CLANG_WARN_ENUM_CONVERSION = YES;
				CLANG_WARN_INFINITE_RECURSION = YES;
				CLANG_WARN_INT_CONVERSION = YES;
				CLANG_WARN_NON_LITERAL_NULL_CONVERSION = YES;
				CLANG_WARN_OBJC_IMPLICIT_RETAIN_SELF = YES;
				CLANG_WARN_OBJC_LITERAL_CONVERSION = YES;
				CLANG_WARN_OBJC_ROOT_CLASS = YES_ERROR;
				CLANG_WARN_RANGE_LOOP_ANALYSIS = YES;
				CLANG_WARN_STRICT_PROTOTYPES = YES;
				CLANG_WARN_SUSPICIOUS_MOVE = YES;
				CLANG_WARN_UNGUARDED_AVAILABILITY = YES_AGGRESSIVE;
				CLANG_WARN_UNREACHABLE_CODE = YES;
				CLANG_WARN__DUPLICATE_METHOD_MATCH = YES;
				CODE_SIGN_IDENTITY = "iPhone Developer";
				COPY_PHASE_STRIP = NO;
				DEBUG_INFORMATION_FORMAT = "dwarf-with-dsym";
				ENABLE_NS_ASSERTIONS = NO;
				ENABLE_STRICT_OBJC_MSGSEND = YES;
				GCC_C_LANGUAGE_STANDARD = gnu11;
				GCC_NO_COMMON_BLOCKS = YES;
				GCC_WARN_64_TO_32_BIT_CONVERSION = YES;
				GCC_WARN_ABOUT_RETURN_TYPE = YES_ERROR;
				GCC_WARN_UNDECLARED_SELECTOR = YES;
				GCC_WARN_UNINITIALIZED_AUTOS = YES_AGGRESSIVE;
				GCC_WARN_UNUSED_FUNCTION = YES;
				GCC_WARN_UNUSED_VARIABLE = YES;
				IPHONEOS_DEPLOYMENT_TARGET = 12.0;
				MTL_ENABLE_DEBUG_INFO = NO;
				MTL_FAST_MATH = YES;
				SDKROOT = iphoneos;
				SWIFT_COMPILATION_MODE = wholemodule;
				SWIFT_OPTIMIZATION_LEVEL = "-O";
				VALIDATE_PRODUCT = YES;
			};
			name = Release;
		};
		58DF5295217D652700AF0160 /* Debug */ = {
			isa = XCBuildConfiguration;
			buildSettings = {
				ASSETCATALOG_COMPILER_APPICON_NAME = AppIcon;
				CODE_SIGN_STYLE = Automatic;
				DEVELOPMENT_TEAM = 3K8Q9N3SGN;
				INFOPLIST_FILE = iCoronaryPredictor/Info.plist;
				LD_RUNPATH_SEARCH_PATHS = (
					"$(inherited)",
					"@executable_path/Frameworks",
				);
				PRODUCT_BUNDLE_IDENTIFIER = com.hatenablog.gikoha.iCoronaryPredictor;
				PRODUCT_NAME = "$(TARGET_NAME)";
				SWIFT_VERSION = 4.2;
				TARGETED_DEVICE_FAMILY = "1,2";
			};
			name = Debug;
		};
		58DF5296217D652700AF0160 /* Release */ = {
			isa = XCBuildConfiguration;
			buildSettings = {
				ASSETCATALOG_COMPILER_APPICON_NAME = AppIcon;
				CODE_SIGN_STYLE = Automatic;
				DEVELOPMENT_TEAM = 3K8Q9N3SGN;
				INFOPLIST_FILE = iCoronaryPredictor/Info.plist;
				LD_RUNPATH_SEARCH_PATHS = (
					"$(inherited)",
					"@executable_path/Frameworks",
				);
				PRODUCT_BUNDLE_IDENTIFIER = com.hatenablog.gikoha.iCoronaryPredictor;
				PRODUCT_NAME = "$(TARGET_NAME)";
				SWIFT_VERSION = 4.2;
				TARGETED_DEVICE_FAMILY = "1,2";
			};
			name = Release;
		};
/* End XCBuildConfiguration section */

/* Begin XCConfigurationList section */
		58DF527D217D652600AF0160 /* Build configuration list for PBXProject "iCoronaryPredictor" */ = {
			isa = XCConfigurationList;
			buildConfigurations = (
				58DF5292217D652700AF0160 /* Debug */,
				58DF5293217D652700AF0160 /* Release */,
			);
			defaultConfigurationIsVisible = 0;
			defaultConfigurationName = Release;
		};
		58DF5294217D652700AF0160 /* Build configuration list for PBXNativeTarget "iCoronaryPredictor" */ = {
			isa = XCConfigurationList;
			buildConfigurations = (
				58DF5295217D652700AF0160 /* Debug */,
				58DF5296217D652700AF0160 /* Release */,
			);
			defaultConfigurationIsVisible = 0;
			defaultConfigurationName = Release;
		};
/* End XCConfigurationList section */
	};
	rootObject = 58DF527A217D652600AF0160 /* Project object */;
}
